
Microsoft Visual Studio Solution File, Format Version 12.00
# Visual Studio Version 16
VisualStudioVersion = 16.0.30204.135
MinimumVisualStudioVersion = 10.0.40219.1
Project("{FAE04EC0-301F-11D3-BF4B-00C04F79EFBC}") = "StartWPF", "StartWPF\StartWPF.csproj", "{6E34D140-3357-428B-9F05-BD54F46D2A5C}"
EndProject
Project("{FAE04EC0-301F-11D3-BF4B-00C04F79EFBC}") = "Hello", "Hello\Hello.csproj", "{A3EC8D66-0CC8-4AFF-9349-7419F9093CE9}"
EndProject
Project("{FAE04EC0-301F-11D3-BF4B-00C04F79EFBC}") = "HelloUWP", "HelloUWP\HelloUWP.csproj", "{F7656ABA-E105-43E9-859C-C3FA7C8BD45D}"
EndProject
Project("{FAE04EC0-301F-11D3-BF4B-00C04F79EFBC}") = "Capter02", "Capter02\Capter02.csproj", "{6D50B0D2-21D6-4485-B914-023E9D1120B7}"
EndProject
Project("{FAE04EC0-301F-11D3-BF4B-00C04F79EFBC}") = "Capter02_02", "Capter02_02\Capter02_02.csproj", "{F6DB8A05-9BA0-4E96-8A7B-74AF6A6CA40F}"
EndProject
Project("{FAE04EC0-301F-11D3-BF4B-00C04F79EFBC}") = "Capter3", "Capter3\Capter3.csproj", "{4A9F772D-4B62-421F-A287-A458B7C1A080}"
EndProject
Project("{FAE04EC0-301F-11D3-BF4B-00C04F79EFBC}") = "MaruWPFDll", "MaruWPFDll\MaruWPFDll.csproj", "{77735382-A5AB-4C6A-BF41-5CCFC8E55228}"
EndProject
Project("{FAE04EC0-301F-11D3-BF4B-00C04F79EFBC}") = "Capter4", "Capter4\Capter4.csproj", "{9A3B8FC6-FB1C-4515-AF76-DC491A654B00}"
EndProject
Global
	GlobalSection(SolutionConfigurationPlatforms) = preSolution
		Debug|Any CPU = Debug|Any CPU
		Debug|ARM = Debug|ARM
		Debug|ARM64 = Debug|ARM64
		Debug|x64 = Debug|x64
		Debug|x86 = Debug|x86
		Release|Any CPU = Release|Any CPU
		Release|ARM = Release|ARM
		Release|ARM64 = Release|ARM64
		Release|x64 = Release|x64
		Release|x86 = Release|x86
	EndGlobalSection
	GlobalSection(ProjectConfigurationPlatforms) = postSolution
		{6E34D140-3357-428B-9F05-BD54F46D2A5C}.Debug|Any CPU.ActiveCfg = Debug|Any CPU
		{6E34D140-3357-428B-9F05-BD54F46D2A5C}.Debug|Any CPU.Build.0 = Debug|Any CPU
		{6E34D140-3357-428B-9F05-BD54F46D2A5C}.Debug|ARM.ActiveCfg = Debug|Any CPU
		{6E34D140-3357-428B-9F05-BD54F46D2A5C}.Debug|ARM.Build.0 = Debug|Any CPU
		{6E34D140-3357-428B-9F05-BD54F46D2A5C}.Debug|ARM64.ActiveCfg = Debug|Any CPU
		{6E34D140-3357-428B-9F05-BD54F46D2A5C}.Debug|ARM64.Build.0 = Debug|Any CPU
		{6E34D140-3357-428B-9F05-BD54F46D2A5C}.Debug|x64.ActiveCfg = Debug|Any CPU
		{6E34D140-3357-428B-9F05-BD54F46D2A5C}.Debug|x64.Build.0 = Debug|Any CPU
		{6E34D140-3357-428B-9F05-BD54F46D2A5C}.Debug|x86.ActiveCfg = Debug|Any CPU
		{6E34D140-3357-428B-9F05-BD54F46D2A5C}.Debug|x86.Build.0 = Debug|Any CPU
		{6E34D140-3357-428B-9F05-BD54F46D2A5C}.Release|Any CPU.ActiveCfg = Release|Any CPU
		{6E34D140-3357-428B-9F05-BD54F46D2A5C}.Release|Any CPU.Build.0 = Release|Any CPU
		{6E34D140-3357-428B-9F05-BD54F46D2A5C}.Release|ARM.ActiveCfg = Release|Any CPU
		{6E34D140-3357-428B-9F05-BD54F46D2A5C}.Release|ARM.Build.0 = Release|Any CPU
		{6E34D140-3357-428B-9F05-BD54F46D2A5C}.Release|ARM64.ActiveCfg = Release|Any CPU
		{6E34D140-3357-428B-9F05-BD54F46D2A5C}.Release|ARM64.Build.0 = Release|Any CPU
		{6E34D140-3357-428B-9F05-BD54F46D2A5C}.Release|x64.ActiveCfg = Release|Any CPU
		{6E34D140-3357-428B-9F05-BD54F46D2A5C}.Release|x64.Build.0 = Release|Any CPU
		{6E34D140-3357-428B-9F05-BD54F46D2A5C}.Release|x86.ActiveCfg = Release|Any CPU
		{6E34D140-3357-428B-9F05-BD54F46D2A5C}.Release|x86.Build.0 = Release|Any CPU
		{A3EC8D66-0CC8-4AFF-9349-7419F9093CE9}.Debug|Any CPU.ActiveCfg = Debug|Any CPU
		{A3EC8D66-0CC8-4AFF-9349-7419F9093CE9}.Debug|Any CPU.Build.0 = Debug|Any CPU
		{A3EC8D66-0CC8-4AFF-9349-7419F9093CE9}.Debug|ARM.ActiveCfg = Debug|Any CPU
		{A3EC8D66-0CC8-4AFF-9349-7419F9093CE9}.Debug|ARM.Build.0 = Debug|Any CPU
		{A3EC8D66-0CC8-4AFF-9349-7419F9093CE9}.Debug|ARM64.ActiveCfg = Debug|Any CPU
		{A3EC8D66-0CC8-4AFF-9349-7419F9093CE9}.Debug|ARM64.Build.0 = Debug|Any CPU
		{A3EC8D66-0CC8-4AFF-9349-7419F9093CE9}.Debug|x64.ActiveCfg = Debug|Any CPU
		{A3EC8D66-0CC8-4AFF-9349-7419F9093CE9}.Debug|x64.Build.0 = Debug|Any CPU
		{A3EC8D66-0CC8-4AFF-9349-7419F9093CE9}.Debug|x86.ActiveCfg = Debug|Any CPU
		{A3EC8D66-0CC8-4AFF-9349-7419F9093CE9}.Debug|x86.Build.0 = Debug|Any CPU
		{A3EC8D66-0CC8-4AFF-9349-7419F9093CE9}.Release|Any CPU.ActiveCfg = Release|Any CPU
		{A3EC8D66-0CC8-4AFF-9349-7419F9093CE9}.Release|Any CPU.Build.0 = Release|Any CPU
		{A3EC8D66-0CC8-4AFF-9349-7419F9093CE9}.Release|ARM.ActiveCfg = Release|Any CPU
		{A3EC8D66-0CC8-4AFF-9349-7419F9093CE9}.Release|ARM.Build.0 = Release|Any CPU
		{A3EC8D66-0CC8-4AFF-9349-7419F9093CE9}.Release|ARM64.ActiveCfg = Release|Any CPU
		{A3EC8D66-0CC8-4AFF-9349-7419F9093CE9}.Release|ARM64.Build.0 = Release|Any CPU
		{A3EC8D66-0CC8-4AFF-9349-7419F9093CE9}.Release|x64.ActiveCfg = Release|Any CPU
		{A3EC8D66-0CC8-4AFF-9349-7419F9093CE9}.Release|x64.Build.0 = Release|Any CPU
		{A3EC8D66-0CC8-4AFF-9349-7419F9093CE9}.Release|x86.ActiveCfg = Release|Any CPU
		{A3EC8D66-0CC8-4AFF-9349-7419F9093CE9}.Release|x86.Build.0 = Release|Any CPU
		{F7656ABA-E105-43E9-859C-C3FA7C8BD45D}.Debug|Any CPU.ActiveCfg = Debug|x86
		{F7656ABA-E105-43E9-859C-C3FA7C8BD45D}.Debug|ARM.ActiveCfg = Debug|ARM
		{F7656ABA-E105-43E9-859C-C3FA7C8BD45D}.Debug|ARM.Build.0 = Debug|ARM
		{F7656ABA-E105-43E9-859C-C3FA7C8BD45D}.Debug|ARM.Deploy.0 = Debug|ARM
		{F7656ABA-E105-43E9-859C-C3FA7C8BD45D}.Debug|ARM64.ActiveCfg = Debug|ARM64
		{F7656ABA-E105-43E9-859C-C3FA7C8BD45D}.Debug|ARM64.Build.0 = Debug|ARM64
		{F7656ABA-E105-43E9-859C-C3FA7C8BD45D}.Debug|ARM64.Deploy.0 = Debug|ARM64
		{F7656ABA-E105-43E9-859C-C3FA7C8BD45D}.Debug|x64.ActiveCfg = Debug|x64
		{F7656ABA-E105-43E9-859C-C3FA7C8BD45D}.Debug|x64.Build.0 = Debug|x64
		{F7656ABA-E105-43E9-859C-C3FA7C8BD45D}.Debug|x64.Deploy.0 = Debug|x64
		{F7656ABA-E105-43E9-859C-C3FA7C8BD45D}.Debug|x86.ActiveCfg = Debug|x86
		{F7656ABA-E105-43E9-859C-C3FA7C8BD45D}.Debug|x86.Build.0 = Debug|x86
		{F7656ABA-E105-43E9-859C-C3FA7C8BD45D}.Debug|x86.Deploy.0 = Debug|x86
		{F7656ABA-E105-43E9-859C-C3FA7C8BD45D}.Release|Any CPU.ActiveCfg = Release|x86
		{F7656ABA-E105-43E9-859C-C3FA7C8BD45D}.Release|ARM.ActiveCfg = Release|ARM
		{F7656ABA-E105-43E9-859C-C3FA7C8BD45D}.Release|ARM.Build.0 = Release|ARM
		{F7656ABA-E105-43E9-859C-C3FA7C8BD45D}.Release|ARM.Deploy.0 = Release|ARM
		{F7656ABA-E105-43E9-859C-C3FA7C8BD45D}.Release|ARM64.ActiveCfg = Release|ARM64
		{F7656ABA-E105-43E9-859C-C3FA7C8BD45D}.Release|ARM64.Build.0 = Release|ARM64
		{F7656ABA-E105-43E9-859C-C3FA7C8BD45D}.Release|ARM64.Deploy.0 = Release|ARM64
		{F7656ABA-E105-43E9-859C-C3FA7C8BD45D}.Release|x64.ActiveCfg = Release|x64
		{F7656ABA-E105-43E9-859C-C3FA7C8BD45D}.Release|x64.Build.0 = Release|x64
		{F7656ABA-E105-43E9-859C-C3FA7C8BD45D}.Release|x64.Deploy.0 = Release|x64
		{F7656ABA-E105-43E9-859C-C3FA7C8BD45D}.Release|x86.ActiveCfg = Release|x86
		{F7656ABA-E105-43E9-859C-C3FA7C8BD45D}.Release|x86.Build.0 = Release|x86
		{F7656ABA-E105-43E9-859C-C3FA7C8BD45D}.Release|x86.Deploy.0 = Release|x86
		{6D50B0D2-21D6-4485-B914-023E9D1120B7}.Debug|Any CPU.ActiveCfg = Debug|Any CPU
		{6D50B0D2-21D6-4485-B914-023E9D1120B7}.Debug|Any CPU.Build.0 = Debug|Any CPU
		{6D50B0D2-21D6-4485-B914-023E9D1120B7}.Debug|ARM.ActiveCfg = Debug|Any CPU
		{6D50B0D2-21D6-4485-B914-023E9D1120B7}.Debug|ARM.Build.0 = Debug|Any CPU
		{6D50B0D2-21D6-4485-B914-023E9D1120B7}.Debug|ARM64.ActiveCfg = Debug|Any CPU
		{6D50B0D2-21D6-4485-B914-023E9D1120B7}.Debug|ARM64.Build.0 = Debug|Any CPU
		{6D50B0D2-21D6-4485-B914-023E9D1120B7}.Debug|x64.ActiveCfg = Debug|Any CPU
		{6D50B0D2-21D6-4485-B914-023E9D1120B7}.Debug|x64.Build.0 = Debug|Any CPU
		{6D50B0D2-21D6-4485-B914-023E9D1120B7}.Debug|x86.ActiveCfg = Debug|Any CPU
		{6D50B0D2-21D6-4485-B914-023E9D1120B7}.Debug|x86.Build.0 = Debug|Any CPU
		{6D50B0D2-21D6-4485-B914-023E9D1120B7}.Release|Any CPU.ActiveCfg = Release|Any CPU
		{6D50B0D2-21D6-4485-B914-023E9D1120B7}.Release|Any CPU.Build.0 = Release|Any CPU
		{6D50B0D2-21D6-4485-B914-023E9D1120B7}.Release|ARM.ActiveCfg = Release|Any CPU
		{6D50B0D2-21D6-4485-B914-023E9D1120B7}.Release|ARM.Build.0 = Release|Any CPU
		{6D50B0D2-21D6-4485-B914-023E9D1120B7}.Release|ARM64.ActiveCfg = Release|Any CPU
		{6D50B0D2-21D6-4485-B914-023E9D1120B7}.Release|ARM64.Build.0 = Release|Any CPU
		{6D50B0D2-21D6-4485-B914-023E9D1120B7}.Release|x64.ActiveCfg = Release|Any CPU
		{6D50B0D2-21D6-4485-B914-023E9D1120B7}.Release|x64.Build.0 = Release|Any CPU
		{6D50B0D2-21D6-4485-B914-023E9D1120B7}.Release|x86.ActiveCfg = Release|Any CPU
		{6D50B0D2-21D6-4485-B914-023E9D1120B7}.Release|x86.Build.0 = Release|Any CPU
		{F6DB8A05-9BA0-4E96-8A7B-74AF6A6CA40F}.Debug|Any CPU.ActiveCfg = Debug|Any CPU
		{F6DB8A05-9BA0-4E96-8A7B-74AF6A6CA40F}.Debug|Any CPU.Build.0 = Debug|Any CPU
		{F6DB8A05-9BA0-4E96-8A7B-74AF6A6CA40F}.Debug|ARM.ActiveCfg = Debug|Any CPU
		{F6DB8A05-9BA0-4E96-8A7B-74AF6A6CA40F}.Debug|ARM.Build.0 = Debug|Any CPU
		{F6DB8A05-9BA0-4E96-8A7B-74AF6A6CA40F}.Debug|ARM64.ActiveCfg = Debug|Any CPU
		{F6DB8A05-9BA0-4E96-8A7B-74AF6A6CA40F}.Debug|ARM64.Build.0 = Debug|Any CPU
		{F6DB8A05-9BA0-4E96-8A7B-74AF6A6CA40F}.Debug|x64.ActiveCfg = Debug|Any CPU
		{F6DB8A05-9BA0-4E96-8A7B-74AF6A6CA40F}.Debug|x64.Build.0 = Debug|Any CPU
		{F6DB8A05-9BA0-4E96-8A7B-74AF6A6CA40F}.Debug|x86.ActiveCfg = Debug|Any CPU
		{F6DB8A05-9BA0-4E96-8A7B-74AF6A6CA40F}.Debug|x86.Build.0 = Debug|Any CPU
		{F6DB8A05-9BA0-4E96-8A7B-74AF6A6CA40F}.Release|Any CPU.ActiveCfg = Release|Any CPU
		{F6DB8A05-9BA0-4E96-8A7B-74AF6A6CA40F}.Release|Any CPU.Build.0 = Release|Any CPU
		{F6DB8A05-9BA0-4E96-8A7B-74AF6A6CA40F}.Release|ARM.ActiveCfg = Release|Any CPU
		{F6DB8A05-9BA0-4E96-8A7B-74AF6A6CA40F}.Release|ARM.Build.0 = Release|Any CPU
		{F6DB8A05-9BA0-4E96-8A7B-74AF6A6CA40F}.Release|ARM64.ActiveCfg = Release|Any CPU
		{F6DB8A05-9BA0-4E96-8A7B-74AF6A6CA40F}.Release|ARM64.Build.0 = Release|Any CPU
		{F6DB8A05-9BA0-4E96-8A7B-74AF6A6CA40F}.Release|x64.ActiveCfg = Release|Any CPU
		{F6DB8A05-9BA0-4E96-8A7B-74AF6A6CA40F}.Release|x64.Build.0 = Release|Any CPU
		{F6DB8A05-9BA0-4E96-8A7B-74AF6A6CA40F}.Release|x86.ActiveCfg = Release|Any CPU
		{F6DB8A05-9BA0-4E96-8A7B-74AF6A6CA40F}.Release|x86.Build.0 = Release|Any CPU
		{4A9F772D-4B62-421F-A287-A458B7C1A080}.Debug|Any CPU.ActiveCfg = Debug|Any CPU
		{4A9F772D-4B62-421F-A287-A458B7C1A080}.Debug|Any CPU.Build.0 = Debug|Any CPU
		{4A9F772D-4B62-421F-A287-A458B7C1A080}.Debug|ARM.ActiveCfg = Debug|Any CPU
		{4A9F772D-4B62-421F-A287-A458B7C1A080}.Debug|ARM.Build.0 = Debug|Any CPU
		{4A9F772D-4B62-421F-A287-A458B7C1A080}.Debug|ARM64.ActiveCfg = Debug|Any CPU
		{4A9F772D-4B62-421F-A287-A458B7C1A080}.Debug|ARM64.Build.0 = Debug|Any CPU
		{4A9F772D-4B62-421F-A287-A458B7C1A080}.Debug|x64.ActiveCfg = Debug|Any CPU
		{4A9F772D-4B62-421F-A287-A458B7C1A080}.Debug|x64.Build.0 = Debug|Any CPU
		{4A9F772D-4B62-421F-A287-A458B7C1A080}.Debug|x86.ActiveCfg = Debug|Any CPU
		{4A9F772D-4B62-421F-A287-A458B7C1A080}.Debug|x86.Build.0 = Debug|Any CPU
		{4A9F772D-4B62-421F-A287-A458B7C1A080}.Release|Any CPU.ActiveCfg = Release|Any CPU
		{4A9F772D-4B62-421F-A287-A458B7C1A080}.Release|Any CPU.Build.0 = Release|Any CPU
		{4A9F772D-4B62-421F-A287-A458B7C1A080}.Release|ARM.ActiveCfg = Release|Any CPU
		{4A9F772D-4B62-421F-A287-A458B7C1A080}.Release|ARM.Build.0 = Release|Any CPU
		{4A9F772D-4B62-421F-A287-A458B7C1A080}.Release|ARM64.ActiveCfg = Release|Any CPU
		{4A9F772D-4B62-421F-A287-A458B7C1A080}.Release|ARM64.Build.0 = Release|Any CPU
		{4A9F772D-4B62-421F-A287-A458B7C1A080}.Release|x64.ActiveCfg = Release|Any CPU
		{4A9F772D-4B62-421F-A287-A458B7C1A080}.Release|x64.Build.0 = Release|Any CPU
		{4A9F772D-4B62-421F-A287-A458B7C1A080}.Release|x86.ActiveCfg = Release|Any CPU
		{4A9F772D-4B62-421F-A287-A458B7C1A080}.Release|x86.Build.0 = Release|Any CPU
		{77735382-A5AB-4C6A-BF41-5CCFC8E55228}.Debug|Any CPU.ActiveCfg = Debug|Any CPU
		{77735382-A5AB-4C6A-BF41-5CCFC8E55228}.Debug|Any CPU.Build.0 = Debug|Any CPU
		{77735382-A5AB-4C6A-BF41-5CCFC8E55228}.Debug|ARM.ActiveCfg = Debug|Any CPU
		{77735382-A5AB-4C6A-BF41-5CCFC8E55228}.Debug|ARM.Build.0 = Debug|Any CPU
		{77735382-A5AB-4C6A-BF41-5CCFC8E55228}.Debug|ARM64.ActiveCfg = Debug|Any CPU
		{77735382-A5AB-4C6A-BF41-5CCFC8E55228}.Debug|ARM64.Build.0 = Debug|Any CPU
		{77735382-A5AB-4C6A-BF41-5CCFC8E55228}.Debug|x64.ActiveCfg = Debug|Any CPU
		{77735382-A5AB-4C6A-BF41-5CCFC8E55228}.Debug|x64.Build.0 = Debug|Any CPU
		{77735382-A5AB-4C6A-BF41-5CCFC8E55228}.Debug|x86.ActiveCfg = Debug|Any CPU
		{77735382-A5AB-4C6A-BF41-5CCFC8E55228}.Debug|x86.Build.0 = Debug|Any CPU
		{77735382-A5AB-4C6A-BF41-5CCFC8E55228}.Release|Any CPU.ActiveCfg = Release|Any CPU
		{77735382-A5AB-4C6A-BF41-5CCFC8E55228}.Release|Any CPU.Build.0 = Release|Any CPU
		{77735382-A5AB-4C6A-BF41-5CCFC8E55228}.Release|ARM.ActiveCfg = Release|Any CPU
		{77735382-A5AB-4C6A-BF41-5CCFC8E55228}.Release|ARM.Build.0 = Release|Any CPU
		{77735382-A5AB-4C6A-BF41-5CCFC8E55228}.Release|ARM64.ActiveCfg = Release|Any CPU
		{77735382-A5AB-4C6A-BF41-5CCFC8E55228}.Release|ARM64.Build.0 = Release|Any CPU
		{77735382-A5AB-4C6A-BF41-5CCFC8E55228}.Release|x64.ActiveCfg = Release|Any CPU
		{77735382-A5AB-4C6A-BF41-5CCFC8E55228}.Release|x64.Build.0 = Release|Any CPU
		{77735382-A5AB-4C6A-BF41-5CCFC8E55228}.Release|x86.ActiveCfg = Release|Any CPU
		{77735382-A5AB-4C6A-BF41-5CCFC8E55228}.Release|x86.Build.0 = Release|Any CPU
		{9A3B8FC6-FB1C-4515-AF76-DC491A654B00}.Debug|Any CPU.ActiveCfg = Debug|Any CPU
		{9A3B8FC6-FB1C-4515-AF76-DC491A654B00}.Debug|Any CPU.Build.0 = Debug|Any CPU
		{9A3B8FC6-FB1C-4515-AF76-DC491A654B00}.Debug|ARM.ActiveCfg = Debug|Any CPU
		{9A3B8FC6-FB1C-4515-AF76-DC491A654B00}.Debug|ARM.Build.0 = Debug|Any CPU
		{9A3B8FC6-FB1C-4515-AF76-DC491A654B00}.Debug|ARM64.ActiveCfg = Debug|Any CPU
		{9A3B8FC6-FB1C-4515-AF76-DC491A654B00}.Debug|ARM64.Build.0 = Debug|Any CPU
		{9A3B8FC6-FB1C-4515-AF76-DC491A654B00}.Debug|x64.ActiveCfg = Debug|Any CPU
		{9A3B8FC6-FB1C-4515-AF76-DC491A654B00}.Debug|x64.Build.0 = Debug|Any CPU
		{9A3B8FC6-FB1C-4515-AF76-DC491A654B00}.Debug|x86.ActiveCfg = Debug|Any CPU
		{9A3B8FC6-FB1C-4515-AF76-DC491A654B00}.Debug|x86.Build.0 = Debug|Any CPU
		{9A3B8FC6-FB1C-4515-AF76-DC491A654B00}.Release|Any CPU.ActiveCfg = Release|Any CPU
		{9A3B8FC6-FB1C-4515-AF76-DC491A654B00}.Release|Any CPU.Build.0 = Release|Any CPU
		{9A3B8FC6-FB1C-4515-AF76-DC491A654B00}.Release|ARM.ActiveCfg = Release|Any CPU
		{9A3B8FC6-FB1C-4515-AF76-DC491A654B00}.Release|ARM.Build.0 = Release|Any CPU
		{9A3B8FC6-FB1C-4515-AF76-DC491A654B00}.Release|ARM64.ActiveCfg = Release|Any CPU
		{9A3B8FC6-FB1C-4515-AF76-DC491A654B00}.Release|ARM64.Build.0 = Release|Any CPU
		{9A3B8FC6-FB1C-4515-AF76-DC491A654B00}.Release|x64.ActiveCfg = Release|Any CPU
		{9A3B8FC6-FB1C-4515-AF76-DC491A654B00}.Release|x64.Build.0 = Release|Any CPU
		{9A3B8FC6-FB1C-4515-AF76-DC491A654B00}.Release|x86.ActiveCfg = Release|Any CPU
		{9A3B8FC6-FB1C-4515-AF76-DC491A654B00}.Release|x86.Build.0 = Release|Any CPU
	EndGlobalSection
	GlobalSection(SolutionProperties) = preSolution
		HideSolutionNode = FALSE
	EndGlobalSection
	GlobalSection(ExtensibilityGlobals) = postSolution
		SolutionGuid = {72DDB872-F424-4EBD-AC97-ADFBD5FE4DA3}
	EndGlobalSection
EndGlobal
